
Microsoft Visual Studio Solution File, Format Version 12.00
# Visual Studio Version 17
VisualStudioVersion = 17.4.33205.214
MinimumVisualStudioVersion = 10.0.40219.1
Project("{9A19103F-16F7-4668-BE54-9A1E7A4F7556}") = "2. Bitland Bit++", "2. Bitland Bit++\2. Bitland Bit++.csproj", "{6CAD8281-582E-463B-9487-FF7D60AA431D}"
EndProject
Project("{9A19103F-16F7-4668-BE54-9A1E7A4F7556}") = "4. Petya and Strings", "4. Petya and Strings\4. Petya and Strings.csproj", "{C4A906F1-B03D-419A-8E48-51D4A6C6AC4F}"
EndProject
Project("{9A19103F-16F7-4668-BE54-9A1E7A4F7556}") = "8. Boy or Girl", "8. A. Boy or Girl\8. Boy or Girl.csproj", "{E3033012-5A39-4045-A8AC-4599E5F4BFB6}"
EndProject
Project("{9A19103F-16F7-4668-BE54-9A1E7A4F7556}") = "Lab", "Lab\Lab.csproj", "{C30B17F3-09DA-4EB6-9B43-028DBAD4D92D}"
EndProject
Project("{9A19103F-16F7-4668-BE54-9A1E7A4F7556}") = "9. Football", "9. Football\9. Football.csproj", "{E3470FBA-844F-4225-85F2-E2A9CB32E16C}"
EndProject
Project("{9A19103F-16F7-4668-BE54-9A1E7A4F7556}") = "Watermelon", "Watermelon\Watermelon.csproj", "{0A89405D-FF51-4333-B1D6-878BEF1D8807}"
EndProject
Project("{9A19103F-16F7-4668-BE54-9A1E7A4F7556}") = "10. Soldier and Bananas", "10. Soldier and Bananas\10. Soldier and Bananas.csproj", "{2CCFBD7A-6663-44CC-9E2C-7C0294412C48}"
EndProject
Project("{9A19103F-16F7-4668-BE54-9A1E7A4F7556}") = "11. Bear and Big Brother", "11. Bear and Big Brother\11. Bear and Big Brother.csproj", "{57F0BA83-34ED-4A0B-BEAA-F219FFBC9E31}"
EndProject
Project("{9A19103F-16F7-4668-BE54-9A1E7A4F7556}") = "12. Wrong Subtraction", "12. Wrong Subtraction\12. Wrong Subtraction.csproj", "{C290236B-667A-450F-B311-183D97EC3131}"
EndProject
Project("{9A19103F-16F7-4668-BE54-9A1E7A4F7556}") = "13. Elephant", "13. Elephant\13. Elephant.csproj", "{BD6C01E1-F4A7-4BDC-8F52-6D80AD05F384}"
EndProject
Project("{9A19103F-16F7-4668-BE54-9A1E7A4F7556}") = "14. Word", "14. Word\14. Word.csproj", "{2E1A8708-8C20-4D7C-85B2-81F90E1AC58C}"
EndProject
Project("{9A19103F-16F7-4668-BE54-9A1E7A4F7556}") = "15. Tram", "15. Tram\15. Tram.csproj", "{6354EB36-A670-4405-A018-900598DB0CE0}"
EndProject
Project("{9A19103F-16F7-4668-BE54-9A1E7A4F7556}") = "16. Chat room", "16. Chat room\16. Chat room.csproj", "{DBF3C2A2-2913-4942-BD18-2F0F95815238}"
EndProject
Project("{9A19103F-16F7-4668-BE54-9A1E7A4F7556}") = "17. HQ9+", "17. HQ9+\17. HQ9+.csproj", "{B63757B0-2900-4109-BE79-80CCEC8817A3}"
EndProject
Project("{9A19103F-16F7-4668-BE54-9A1E7A4F7556}") = "3. Beautiful Matrix", "3. Beautiful Matrix\3. Beautiful Matrix.csproj", "{928DE99E-CD9D-47B5-986B-7826D1560EC7}"
EndProject
Project("{9A19103F-16F7-4668-BE54-9A1E7A4F7556}") = "5. String Task", "5. String Task\5. String Task.csproj", "{7C0F4985-5497-4E72-86F6-DC2C42DBC13D}"
EndProject
Project("{9A19103F-16F7-4668-BE54-9A1E7A4F7556}") = "6. Helpful Maths", "6. Helpful Maths\6. Helpful Maths.csproj", "{24138727-AC91-4CCE-832F-B4663FC31F32}"
EndProject
Project("{9A19103F-16F7-4668-BE54-9A1E7A4F7556}") = "7. Stones on the Table", "7. Stones on the Table\7. Stones on the Table.csproj", "{2A5A88AA-790F-459A-BEBC-C62AD13E06FD}"
EndProject
Project("{9A19103F-16F7-4668-BE54-9A1E7A4F7556}") = "1. Way Too Long Words", "1. Way Too Long Words\1. Way Too Long Words.csproj", "{6CB5C304-EFB1-42CB-B6E0-1EE651DF2D14}"
EndProject
Project("{9A19103F-16F7-4668-BE54-9A1E7A4F7556}") = "18. Team", "18. Team\18. Team.csproj", "{AADD96FE-8E80-47DC-980B-14E3022B5F02}"
EndProject
Project("{9A19103F-16F7-4668-BE54-9A1E7A4F7556}") = "19. Theatre Square", "19. Theatre Square\19. Theatre Square.csproj", "{54B3EBA7-17CC-4CC1-A80F-B4AE6796F188}"
EndProject
Project("{9A19103F-16F7-4668-BE54-9A1E7A4F7556}") = "20. Next Round", "20. Next Round\20. Next Round.csproj", "{84980BB9-F725-422D-970F-8652C1017324}"
EndProject
Project("{9A19103F-16F7-4668-BE54-9A1E7A4F7556}") = "21. Domino piling", "21. Domino piling\21. Domino piling.csproj", "{F735541F-C887-4455-8B84-E5FC9D3896AF}"
EndProject
Project("{9A19103F-16F7-4668-BE54-9A1E7A4F7556}") = "22. Young Physicist", "22. Young Physicist\22. Young Physicist.csproj", "{5532AA40-3DA2-496F-8AF8-2F892688A5C4}"
EndProject
Project("{9A19103F-16F7-4668-BE54-9A1E7A4F7556}") = "23. Nearly Lucky Number", "23. Nearly Lucky Number\23. Nearly Lucky Number.csproj", "{1E5EEF14-C382-4664-B34E-B1B4750F82DC}"
EndProject
Project("{9A19103F-16F7-4668-BE54-9A1E7A4F7556}") = "24. Anton and Danik", "24. Anton and Danik\24. Anton and Danik.csproj", "{E9D65D3F-507C-42D4-9B53-48D871AC3A69}"
EndProject
Project("{9A19103F-16F7-4668-BE54-9A1E7A4F7556}") = "25. Translation", "25. Translation\25. Translation.csproj", "{8BA9CA47-E052-41C6-9372-EC2067F75C7B}"
EndProject
Project("{9A19103F-16F7-4668-BE54-9A1E7A4F7556}") = "26. Queue at the School", "26. Queue at the School\26. Queue at the School.csproj", "{7EFDF001-58BF-48CF-9436-0D773BE705C0}"
EndProject
Project("{9A19103F-16F7-4668-BE54-9A1E7A4F7556}") = "27. Vanya and Fence", "27. Vanya and Fence\27. Vanya and Fence.csproj", "{00AF68DB-DFF3-4A1F-89AE-63A7CC33B2DA}"
EndProject
Project("{9A19103F-16F7-4668-BE54-9A1E7A4F7556}") = "28. Beautiful Year", "28. Beautiful Year\28. Beautiful Year.csproj", "{34429DEB-6530-4B45-B88C-4DB7446FC72B}"
EndProject
Project("{9A19103F-16F7-4668-BE54-9A1E7A4F7556}") = "29. Twin Permutations", "29. Twin Permutations\29. Twin Permutations.csproj", "{C5A67D1D-C3CF-439A-8019-A5AF59C8960D}"
EndProject
Project("{9A19103F-16F7-4668-BE54-9A1E7A4F7556}") = "30. Array merging", "30. Array merging\30. Array merging.csproj", "{29166160-C563-4F1A-9D8B-722E7FF85B29}"
EndProject
Project("{9A19103F-16F7-4668-BE54-9A1E7A4F7556}") = "31. Copil Copac Draws Trees", "31. Copil Copac Draws Trees\31. Copil Copac Draws Trees.csproj", "{D120ED91-3188-4AC7-A18A-FBB36328EFC3}"
EndProject
Project("{9A19103F-16F7-4668-BE54-9A1E7A4F7556}") = "32. Lucky Division", "32. Lucky Division\32. Lucky Division.csproj", "{A4709EB3-0AEC-406D-85DF-9552ABCEE2B7}"
EndProject
Project("{FAE04EC0-301F-11D3-BF4B-00C04F79EFBC}") = "leap year", "leap year\leap year.csproj", "{38242592-CA70-44CC-82D0-350F06F7DAA7}"
EndProject
Global
	GlobalSection(SolutionConfigurationPlatforms) = preSolution
		Debug|Any CPU = Debug|Any CPU
		Release|Any CPU = Release|Any CPU
	EndGlobalSection
	GlobalSection(ProjectConfigurationPlatforms) = postSolution
		{6CAD8281-582E-463B-9487-FF7D60AA431D}.Debug|Any CPU.ActiveCfg = Debug|Any CPU
		{6CAD8281-582E-463B-9487-FF7D60AA431D}.Debug|Any CPU.Build.0 = Debug|Any CPU
		{6CAD8281-582E-463B-9487-FF7D60AA431D}.Release|Any CPU.ActiveCfg = Release|Any CPU
		{6CAD8281-582E-463B-9487-FF7D60AA431D}.Release|Any CPU.Build.0 = Release|Any CPU
		{C4A906F1-B03D-419A-8E48-51D4A6C6AC4F}.Debug|Any CPU.ActiveCfg = Debug|Any CPU
		{C4A906F1-B03D-419A-8E48-51D4A6C6AC4F}.Debug|Any CPU.Build.0 = Debug|Any CPU
		{C4A906F1-B03D-419A-8E48-51D4A6C6AC4F}.Release|Any CPU.ActiveCfg = Release|Any CPU
		{C4A906F1-B03D-419A-8E48-51D4A6C6AC4F}.Release|Any CPU.Build.0 = Release|Any CPU
		{E3033012-5A39-4045-A8AC-4599E5F4BFB6}.Debug|Any CPU.ActiveCfg = Debug|Any CPU
		{E3033012-5A39-4045-A8AC-4599E5F4BFB6}.Debug|Any CPU.Build.0 = Debug|Any CPU
		{E3033012-5A39-4045-A8AC-4599E5F4BFB6}.Release|Any CPU.ActiveCfg = Release|Any CPU
		{E3033012-5A39-4045-A8AC-4599E5F4BFB6}.Release|Any CPU.Build.0 = Release|Any CPU
		{C30B17F3-09DA-4EB6-9B43-028DBAD4D92D}.Debug|Any CPU.ActiveCfg = Debug|Any CPU
		{C30B17F3-09DA-4EB6-9B43-028DBAD4D92D}.Debug|Any CPU.Build.0 = Debug|Any CPU
		{C30B17F3-09DA-4EB6-9B43-028DBAD4D92D}.Release|Any CPU.ActiveCfg = Release|Any CPU
		{C30B17F3-09DA-4EB6-9B43-028DBAD4D92D}.Release|Any CPU.Build.0 = Release|Any CPU
		{E3470FBA-844F-4225-85F2-E2A9CB32E16C}.Debug|Any CPU.ActiveCfg = Debug|Any CPU
		{E3470FBA-844F-4225-85F2-E2A9CB32E16C}.Debug|Any CPU.Build.0 = Debug|Any CPU
		{E3470FBA-844F-4225-85F2-E2A9CB32E16C}.Release|Any CPU.ActiveCfg = Release|Any CPU
		{E3470FBA-844F-4225-85F2-E2A9CB32E16C}.Release|Any CPU.Build.0 = Release|Any CPU
		{0A89405D-FF51-4333-B1D6-878BEF1D8807}.Debug|Any CPU.ActiveCfg = Debug|Any CPU
		{0A89405D-FF51-4333-B1D6-878BEF1D8807}.Debug|Any CPU.Build.0 = Debug|Any CPU
		{0A89405D-FF51-4333-B1D6-878BEF1D8807}.Release|Any CPU.ActiveCfg = Release|Any CPU
		{0A89405D-FF51-4333-B1D6-878BEF1D8807}.Release|Any CPU.Build.0 = Release|Any CPU
		{2CCFBD7A-6663-44CC-9E2C-7C0294412C48}.Debug|Any CPU.ActiveCfg = Debug|Any CPU
		{2CCFBD7A-6663-44CC-9E2C-7C0294412C48}.Debug|Any CPU.Build.0 = Debug|Any CPU
		{2CCFBD7A-6663-44CC-9E2C-7C0294412C48}.Release|Any CPU.ActiveCfg = Release|Any CPU
		{2CCFBD7A-6663-44CC-9E2C-7C0294412C48}.Release|Any CPU.Build.0 = Release|Any CPU
		{57F0BA83-34ED-4A0B-BEAA-F219FFBC9E31}.Debug|Any CPU.ActiveCfg = Debug|Any CPU
		{57F0BA83-34ED-4A0B-BEAA-F219FFBC9E31}.Debug|Any CPU.Build.0 = Debug|Any CPU
		{57F0BA83-34ED-4A0B-BEAA-F219FFBC9E31}.Release|Any CPU.ActiveCfg = Release|Any CPU
		{57F0BA83-34ED-4A0B-BEAA-F219FFBC9E31}.Release|Any CPU.Build.0 = Release|Any CPU
		{C290236B-667A-450F-B311-183D97EC3131}.Debug|Any CPU.ActiveCfg = Debug|Any CPU
		{C290236B-667A-450F-B311-183D97EC3131}.Debug|Any CPU.Build.0 = Debug|Any CPU
		{C290236B-667A-450F-B311-183D97EC3131}.Release|Any CPU.ActiveCfg = Release|Any CPU
		{C290236B-667A-450F-B311-183D97EC3131}.Release|Any CPU.Build.0 = Release|Any CPU
		{BD6C01E1-F4A7-4BDC-8F52-6D80AD05F384}.Debug|Any CPU.ActiveCfg = Debug|Any CPU
		{BD6C01E1-F4A7-4BDC-8F52-6D80AD05F384}.Debug|Any CPU.Build.0 = Debug|Any CPU
		{BD6C01E1-F4A7-4BDC-8F52-6D80AD05F384}.Release|Any CPU.ActiveCfg = Release|Any CPU
		{BD6C01E1-F4A7-4BDC-8F52-6D80AD05F384}.Release|Any CPU.Build.0 = Release|Any CPU
		{2E1A8708-8C20-4D7C-85B2-81F90E1AC58C}.Debug|Any CPU.ActiveCfg = Debug|Any CPU
		{2E1A8708-8C20-4D7C-85B2-81F90E1AC58C}.Debug|Any CPU.Build.0 = Debug|Any CPU
		{2E1A8708-8C20-4D7C-85B2-81F90E1AC58C}.Release|Any CPU.ActiveCfg = Release|Any CPU
		{2E1A8708-8C20-4D7C-85B2-81F90E1AC58C}.Release|Any CPU.Build.0 = Release|Any CPU
		{6354EB36-A670-4405-A018-900598DB0CE0}.Debug|Any CPU.ActiveCfg = Debug|Any CPU
		{6354EB36-A670-4405-A018-900598DB0CE0}.Debug|Any CPU.Build.0 = Debug|Any CPU
		{6354EB36-A670-4405-A018-900598DB0CE0}.Release|Any CPU.ActiveCfg = Release|Any CPU
		{6354EB36-A670-4405-A018-900598DB0CE0}.Release|Any CPU.Build.0 = Release|Any CPU
		{DBF3C2A2-2913-4942-BD18-2F0F95815238}.Debug|Any CPU.ActiveCfg = Debug|Any CPU
		{DBF3C2A2-2913-4942-BD18-2F0F95815238}.Debug|Any CPU.Build.0 = Debug|Any CPU
		{DBF3C2A2-2913-4942-BD18-2F0F95815238}.Release|Any CPU.ActiveCfg = Release|Any CPU
		{DBF3C2A2-2913-4942-BD18-2F0F95815238}.Release|Any CPU.Build.0 = Release|Any CPU
		{B63757B0-2900-4109-BE79-80CCEC8817A3}.Debug|Any CPU.ActiveCfg = Debug|Any CPU
		{B63757B0-2900-4109-BE79-80CCEC8817A3}.Debug|Any CPU.Build.0 = Debug|Any CPU
		{B63757B0-2900-4109-BE79-80CCEC8817A3}.Release|Any CPU.ActiveCfg = Release|Any CPU
		{B63757B0-2900-4109-BE79-80CCEC8817A3}.Release|Any CPU.Build.0 = Release|Any CPU
		{928DE99E-CD9D-47B5-986B-7826D1560EC7}.Debug|Any CPU.ActiveCfg = Debug|Any CPU
		{928DE99E-CD9D-47B5-986B-7826D1560EC7}.Debug|Any CPU.Build.0 = Debug|Any CPU
		{928DE99E-CD9D-47B5-986B-7826D1560EC7}.Release|Any CPU.ActiveCfg = Release|Any CPU
		{928DE99E-CD9D-47B5-986B-7826D1560EC7}.Release|Any CPU.Build.0 = Release|Any CPU
		{7C0F4985-5497-4E72-86F6-DC2C42DBC13D}.Debug|Any CPU.ActiveCfg = Debug|Any CPU
		{7C0F4985-5497-4E72-86F6-DC2C42DBC13D}.Debug|Any CPU.Build.0 = Debug|Any CPU
		{7C0F4985-5497-4E72-86F6-DC2C42DBC13D}.Release|Any CPU.ActiveCfg = Release|Any CPU
		{7C0F4985-5497-4E72-86F6-DC2C42DBC13D}.Release|Any CPU.Build.0 = Release|Any CPU
		{24138727-AC91-4CCE-832F-B4663FC31F32}.Debug|Any CPU.ActiveCfg = Debug|Any CPU
		{24138727-AC91-4CCE-832F-B4663FC31F32}.Debug|Any CPU.Build.0 = Debug|Any CPU
		{24138727-AC91-4CCE-832F-B4663FC31F32}.Release|Any CPU.ActiveCfg = Release|Any CPU
		{24138727-AC91-4CCE-832F-B4663FC31F32}.Release|Any CPU.Build.0 = Release|Any CPU
		{2A5A88AA-790F-459A-BEBC-C62AD13E06FD}.Debug|Any CPU.ActiveCfg = Debug|Any CPU
		{2A5A88AA-790F-459A-BEBC-C62AD13E06FD}.Debug|Any CPU.Build.0 = Debug|Any CPU
		{2A5A88AA-790F-459A-BEBC-C62AD13E06FD}.Release|Any CPU.ActiveCfg = Release|Any CPU
		{2A5A88AA-790F-459A-BEBC-C62AD13E06FD}.Release|Any CPU.Build.0 = Release|Any CPU
		{6CB5C304-EFB1-42CB-B6E0-1EE651DF2D14}.Debug|Any CPU.ActiveCfg = Debug|Any CPU
		{6CB5C304-EFB1-42CB-B6E0-1EE651DF2D14}.Debug|Any CPU.Build.0 = Debug|Any CPU
		{6CB5C304-EFB1-42CB-B6E0-1EE651DF2D14}.Release|Any CPU.ActiveCfg = Release|Any CPU
		{6CB5C304-EFB1-42CB-B6E0-1EE651DF2D14}.Release|Any CPU.Build.0 = Release|Any CPU
		{AADD96FE-8E80-47DC-980B-14E3022B5F02}.Debug|Any CPU.ActiveCfg = Debug|Any CPU
		{AADD96FE-8E80-47DC-980B-14E3022B5F02}.Debug|Any CPU.Build.0 = Debug|Any CPU
		{AADD96FE-8E80-47DC-980B-14E3022B5F02}.Release|Any CPU.ActiveCfg = Release|Any CPU
		{AADD96FE-8E80-47DC-980B-14E3022B5F02}.Release|Any CPU.Build.0 = Release|Any CPU
		{54B3EBA7-17CC-4CC1-A80F-B4AE6796F188}.Debug|Any CPU.ActiveCfg = Debug|Any CPU
		{54B3EBA7-17CC-4CC1-A80F-B4AE6796F188}.Debug|Any CPU.Build.0 = Debug|Any CPU
		{54B3EBA7-17CC-4CC1-A80F-B4AE6796F188}.Release|Any CPU.ActiveCfg = Release|Any CPU
		{54B3EBA7-17CC-4CC1-A80F-B4AE6796F188}.Release|Any CPU.Build.0 = Release|Any CPU
		{84980BB9-F725-422D-970F-8652C1017324}.Debug|Any CPU.ActiveCfg = Debug|Any CPU
		{84980BB9-F725-422D-970F-8652C1017324}.Debug|Any CPU.Build.0 = Debug|Any CPU
		{84980BB9-F725-422D-970F-8652C1017324}.Release|Any CPU.ActiveCfg = Release|Any CPU
		{84980BB9-F725-422D-970F-8652C1017324}.Release|Any CPU.Build.0 = Release|Any CPU
		{F735541F-C887-4455-8B84-E5FC9D3896AF}.Debug|Any CPU.ActiveCfg = Debug|Any CPU
		{F735541F-C887-4455-8B84-E5FC9D3896AF}.Debug|Any CPU.Build.0 = Debug|Any CPU
		{F735541F-C887-4455-8B84-E5FC9D3896AF}.Release|Any CPU.ActiveCfg = Release|Any CPU
		{F735541F-C887-4455-8B84-E5FC9D3896AF}.Release|Any CPU.Build.0 = Release|Any CPU
		{5532AA40-3DA2-496F-8AF8-2F892688A5C4}.Debug|Any CPU.ActiveCfg = Debug|Any CPU
		{5532AA40-3DA2-496F-8AF8-2F892688A5C4}.Debug|Any CPU.Build.0 = Debug|Any CPU
		{5532AA40-3DA2-496F-8AF8-2F892688A5C4}.Release|Any CPU.ActiveCfg = Release|Any CPU
		{5532AA40-3DA2-496F-8AF8-2F892688A5C4}.Release|Any CPU.Build.0 = Release|Any CPU
		{1E5EEF14-C382-4664-B34E-B1B4750F82DC}.Debug|Any CPU.ActiveCfg = Debug|Any CPU
		{1E5EEF14-C382-4664-B34E-B1B4750F82DC}.Debug|Any CPU.Build.0 = Debug|Any CPU
		{1E5EEF14-C382-4664-B34E-B1B4750F82DC}.Release|Any CPU.ActiveCfg = Release|Any CPU
		{1E5EEF14-C382-4664-B34E-B1B4750F82DC}.Release|Any CPU.Build.0 = Release|Any CPU
		{E9D65D3F-507C-42D4-9B53-48D871AC3A69}.Debug|Any CPU.ActiveCfg = Debug|Any CPU
		{E9D65D3F-507C-42D4-9B53-48D871AC3A69}.Debug|Any CPU.Build.0 = Debug|Any CPU
		{E9D65D3F-507C-42D4-9B53-48D871AC3A69}.Release|Any CPU.ActiveCfg = Release|Any CPU
		{E9D65D3F-507C-42D4-9B53-48D871AC3A69}.Release|Any CPU.Build.0 = Release|Any CPU
		{8BA9CA47-E052-41C6-9372-EC2067F75C7B}.Debug|Any CPU.ActiveCfg = Debug|Any CPU
		{8BA9CA47-E052-41C6-9372-EC2067F75C7B}.Debug|Any CPU.Build.0 = Debug|Any CPU
		{8BA9CA47-E052-41C6-9372-EC2067F75C7B}.Release|Any CPU.ActiveCfg = Release|Any CPU
		{8BA9CA47-E052-41C6-9372-EC2067F75C7B}.Release|Any CPU.Build.0 = Release|Any CPU
		{7EFDF001-58BF-48CF-9436-0D773BE705C0}.Debug|Any CPU.ActiveCfg = Debug|Any CPU
		{7EFDF001-58BF-48CF-9436-0D773BE705C0}.Debug|Any CPU.Build.0 = Debug|Any CPU
		{7EFDF001-58BF-48CF-9436-0D773BE705C0}.Release|Any CPU.ActiveCfg = Release|Any CPU
		{7EFDF001-58BF-48CF-9436-0D773BE705C0}.Release|Any CPU.Build.0 = Release|Any CPU
		{00AF68DB-DFF3-4A1F-89AE-63A7CC33B2DA}.Debug|Any CPU.ActiveCfg = Debug|Any CPU
		{00AF68DB-DFF3-4A1F-89AE-63A7CC33B2DA}.Debug|Any CPU.Build.0 = Debug|Any CPU
		{00AF68DB-DFF3-4A1F-89AE-63A7CC33B2DA}.Release|Any CPU.ActiveCfg = Release|Any CPU
		{00AF68DB-DFF3-4A1F-89AE-63A7CC33B2DA}.Release|Any CPU.Build.0 = Release|Any CPU
		{34429DEB-6530-4B45-B88C-4DB7446FC72B}.Debug|Any CPU.ActiveCfg = Debug|Any CPU
		{34429DEB-6530-4B45-B88C-4DB7446FC72B}.Debug|Any CPU.Build.0 = Debug|Any CPU
		{34429DEB-6530-4B45-B88C-4DB7446FC72B}.Release|Any CPU.ActiveCfg = Release|Any CPU
		{34429DEB-6530-4B45-B88C-4DB7446FC72B}.Release|Any CPU.Build.0 = Release|Any CPU
		{C5A67D1D-C3CF-439A-8019-A5AF59C8960D}.Debug|Any CPU.ActiveCfg = Debug|Any CPU
		{C5A67D1D-C3CF-439A-8019-A5AF59C8960D}.Debug|Any CPU.Build.0 = Debug|Any CPU
		{C5A67D1D-C3CF-439A-8019-A5AF59C8960D}.Release|Any CPU.ActiveCfg = Release|Any CPU
		{C5A67D1D-C3CF-439A-8019-A5AF59C8960D}.Release|Any CPU.Build.0 = Release|Any CPU
		{29166160-C563-4F1A-9D8B-722E7FF85B29}.Debug|Any CPU.ActiveCfg = Debug|Any CPU
		{29166160-C563-4F1A-9D8B-722E7FF85B29}.Debug|Any CPU.Build.0 = Debug|Any CPU
		{29166160-C563-4F1A-9D8B-722E7FF85B29}.Release|Any CPU.ActiveCfg = Release|Any CPU
		{29166160-C563-4F1A-9D8B-722E7FF85B29}.Release|Any CPU.Build.0 = Release|Any CPU
		{D120ED91-3188-4AC7-A18A-FBB36328EFC3}.Debug|Any CPU.ActiveCfg = Debug|Any CPU
		{D120ED91-3188-4AC7-A18A-FBB36328EFC3}.Debug|Any CPU.Build.0 = Debug|Any CPU
		{D120ED91-3188-4AC7-A18A-FBB36328EFC3}.Release|Any CPU.ActiveCfg = Release|Any CPU
		{D120ED91-3188-4AC7-A18A-FBB36328EFC3}.Release|Any CPU.Build.0 = Release|Any CPU
		{A4709EB3-0AEC-406D-85DF-9552ABCEE2B7}.Debug|Any CPU.ActiveCfg = Debug|Any CPU
		{A4709EB3-0AEC-406D-85DF-9552ABCEE2B7}.Debug|Any CPU.Build.0 = Debug|Any CPU
		{A4709EB3-0AEC-406D-85DF-9552ABCEE2B7}.Release|Any CPU.ActiveCfg = Release|Any CPU
		{A4709EB3-0AEC-406D-85DF-9552ABCEE2B7}.Release|Any CPU.Build.0 = Release|Any CPU
		{38242592-CA70-44CC-82D0-350F06F7DAA7}.Debug|Any CPU.ActiveCfg = Debug|Any CPU
		{38242592-CA70-44CC-82D0-350F06F7DAA7}.Debug|Any CPU.Build.0 = Debug|Any CPU
		{38242592-CA70-44CC-82D0-350F06F7DAA7}.Release|Any CPU.ActiveCfg = Release|Any CPU
		{38242592-CA70-44CC-82D0-350F06F7DAA7}.Release|Any CPU.Build.0 = Release|Any CPU
	EndGlobalSection
	GlobalSection(SolutionProperties) = preSolution
		HideSolutionNode = FALSE
	EndGlobalSection
	GlobalSection(ExtensibilityGlobals) = postSolution
		SolutionGuid = {F9061445-C0B7-4115-BD56-95E9A4D20D4F}
	EndGlobalSection
EndGlobal
